<?xml version="1.0" encoding="utf-8"?>
<Project ToolsVersion="4.0" xmlns="http://schemas.microsoft.com/developer/msbuild/2003">
  <ItemGroup>
    <Filter Include="Model">
      <UniqueIdentifier>{A1B2C3D4-1111-2222-3333-444455556666}</UniqueIdentifier>
    </Filter>
    <Filter Include="MonteCarlo">
      <UniqueIdentifier>{B2C3D4E5-2222-3333-4444-555566667777}</UniqueIdentifier>
    </Filter>
    <Filter Include="Options">
      <UniqueIdentifier>{C3D4E5F6-3333-4444-5555-666677778888}</UniqueIdentifier>
    </Filter>
  </ItemGroup>
  <ItemGroup>
    <!-- Model -->
    <ClCompile Include="Model\BlackScholesModel.cpp">
      <Filter>Model</Filter>
    </ClCompile>
    <ClInclude Include="Model\BlackScholesModel.hpp">
      <Filter>Model</Filter>
    </ClInclude>
    <ClInclude Include="Model\Model.hpp">
      <Filter>Model</Filter>
    </ClInclude>
    <!-- MonteCarlo -->
    <ClCompile Include="MonteCarlo\MonteCarlo.cpp">
      <Filter>MonteCarlo</Filter>
    </ClCompile>
    <ClInclude Include="MonteCarlo\MonteCarlo.hpp">
      <Filter>MonteCarlo</Filter>
    </ClInclude>
    <!-- Options -->
    <ClCompile Include="Options\ConditionalBasketOption.cpp">
      <Filter>Options</Filter>
    </ClCompile>
    <ClCompile Include="Options\ConditionalMaxOption.cpp">
      <Filter>Options</Filter>
    </ClCompile>
    <ClInclude Include="Options\IOption.hpp">
      <Filter>Options</Filter>
    </ClInclude>
    <ClInclude Include="Options\OptionParameters.hpp">
      <Filter>Options</Filter>
    </ClInclude>
    <!-- Root Files -->
    <ClCompile Include="Pricer.cpp">
      <Filter></Filter>
    </ClCompile>
  </ItemGroup>
</Project>
